// !$*UTF8*$!
{
	archiveVersion = 1;
	classes = {
	};
	objectVersion = 46;
	objects = {

/* Begin PBXBuildFile section */
		3380A17CDA8AA3599E2E8D8E /* libPods.a in Frameworks */ = {isa = PBXBuildFile; fileRef = 2E9A8DF4F956911F4D82D16E /* libPods.a */; };
		8D92C76F021661A2D9C7C7AC /* libPods.a in Frameworks */ = {isa = PBXBuildFile; fileRef = 2E9A8DF4F956911F4D82D16E /* libPods.a */; };
		992C2AB31C80B94100080E2C /* main.m in Sources */ = {isa = PBXBuildFile; fileRef = 992C2AB21C80B94100080E2C /* main.m */; };
		992C2AB61C80B94100080E2C /* AppDelegate.m in Sources */ = {isa = PBXBuildFile; fileRef = 992C2AB51C80B94100080E2C /* AppDelegate.m */; };
		992C2ABC1C80B94100080E2C /* Main.storyboard in Resources */ = {isa = PBXBuildFile; fileRef = 992C2ABA1C80B94100080E2C /* Main.storyboard */; };
		992C2ABE1C80B94100080E2C /* Assets.xcassets in Resources */ = {isa = PBXBuildFile; fileRef = 992C2ABD1C80B94100080E2C /* Assets.xcassets */; };
		992C2AC11C80B94100080E2C /* LaunchScreen.storyboard in Resources */ = {isa = PBXBuildFile; fileRef = 992C2ABF1C80B94100080E2C /* LaunchScreen.storyboard */; };
		992C2ACC1C80B94100080E2C /* Star_WarsTests.m in Sources */ = {isa = PBXBuildFile; fileRef = 992C2ACB1C80B94100080E2C /* Star_WarsTests.m */; };
		992C2ADB1C80CDAE00080E2C /* FilmCollectionViewController.m in Sources */ = {isa = PBXBuildFile; fileRef = 992C2ADA1C80CDAE00080E2C /* FilmCollectionViewController.m */; };
		992C2ADE1C80E57700080E2C /* HTTPGateway.m in Sources */ = {isa = PBXBuildFile; fileRef = 992C2ADD1C80E57700080E2C /* HTTPGateway.m */; };
		992C2AE61C80ECF100080E2C /* SWConfig.m in Sources */ = {isa = PBXBuildFile; fileRef = 992C2AE51C80ECF100080E2C /* SWConfig.m */; };
		992C2AE91C80F83000080E2C /* FilmService.m in Sources */ = {isa = PBXBuildFile; fileRef = 992C2AE81C80F83000080E2C /* FilmService.m */; };
		992C2AEC1C80F99300080E2C /* FilmResponse.m in Sources */ = {isa = PBXBuildFile; fileRef = 992C2AEB1C80F99300080E2C /* FilmResponse.m */; };
		992C2AEF1C80F99C00080E2C /* FilmsResponse.m in Sources */ = {isa = PBXBuildFile; fileRef = 992C2AEE1C80F99C00080E2C /* FilmsResponse.m */; };
		992C2AF21C80FAF800080E2C /* Film.m in Sources */ = {isa = PBXBuildFile; fileRef = 992C2AF11C80FAF800080E2C /* Film.m */; };
		992C2AF61C80FF6C00080E2C /* NSDateFormatter+ISO8601.m in Sources */ = {isa = PBXBuildFile; fileRef = 992C2AF51C80FF6C00080E2C /* NSDateFormatter+ISO8601.m */; };
		992C2AF81C810DEE00080E2C /* StarWarsFilmTests.m in Sources */ = {isa = PBXBuildFile; fileRef = 992C2AF71C810DEE00080E2C /* StarWarsFilmTests.m */; };
		992C2B031C84B0A800080E2C /* MockDataFactory.m in Sources */ = {isa = PBXBuildFile; fileRef = 992C2B021C84B0A800080E2C /* MockDataFactory.m */; };
		992C2B061C84B41C00080E2C /* films.json in Resources */ = {isa = PBXBuildFile; fileRef = 992C2B051C84B41C00080E2C /* films.json */; };
		992C2B0B1C84BD3900080E2C /* MockGateway.m in Sources */ = {isa = PBXBuildFile; fileRef = 992C2B0A1C84BD3900080E2C /* MockGateway.m */; };
		992C2B0D1C84DC8A00080E2C /* film.json in Resources */ = {isa = PBXBuildFile; fileRef = 992C2B0C1C84DC8A00080E2C /* film.json */; };
/* End PBXBuildFile section */

/* Begin PBXContainerItemProxy section */
		992C2AC81C80B94100080E2C /* PBXContainerItemProxy */ = {
			isa = PBXContainerItemProxy;
			containerPortal = 992C2AA61C80B94100080E2C /* Project object */;
			proxyType = 1;
			remoteGlobalIDString = 992C2AAD1C80B94100080E2C;
			remoteInfo = "Star-Wars";
		};
/* End PBXContainerItemProxy section */

/* Begin PBXFileReference section */
		2E9A8DF4F956911F4D82D16E /* libPods.a */ = {isa = PBXFileReference; explicitFileType = archive.ar; includeInIndex = 0; path = libPods.a; sourceTree = BUILT_PRODUCTS_DIR; };
		992C2AAE1C80B94100080E2C /* Star-Wars.app */ = {isa = PBXFileReference; explicitFileType = wrapper.application; includeInIndex = 0; path = "Star-Wars.app"; sourceTree = BUILT_PRODUCTS_DIR; };
		992C2AB21C80B94100080E2C /* main.m */ = {isa = PBXFileReference; lastKnownFileType = sourcecode.c.objc; path = main.m; sourceTree = "<group>"; };
		992C2AB41C80B94100080E2C /* AppDelegate.h */ = {isa = PBXFileReference; lastKnownFileType = sourcecode.c.h; path = AppDelegate.h; sourceTree = "<group>"; };
		992C2AB51C80B94100080E2C /* AppDelegate.m */ = {isa = PBXFileReference; lastKnownFileType = sourcecode.c.objc; path = AppDelegate.m; sourceTree = "<group>"; };
		992C2ABB1C80B94100080E2C /* Base */ = {isa = PBXFileReference; lastKnownFileType = file.storyboard; name = Base; path = Base.lproj/Main.storyboard; sourceTree = "<group>"; };
		992C2ABD1C80B94100080E2C /* Assets.xcassets */ = {isa = PBXFileReference; lastKnownFileType = folder.assetcatalog; path = Assets.xcassets; sourceTree = "<group>"; };
		992C2AC01C80B94100080E2C /* Base */ = {isa = PBXFileReference; lastKnownFileType = file.storyboard; name = Base; path = Base.lproj/LaunchScreen.storyboard; sourceTree = "<group>"; };
		992C2AC21C80B94100080E2C /* Info.plist */ = {isa = PBXFileReference; lastKnownFileType = text.plist.xml; path = Info.plist; sourceTree = "<group>"; };
		992C2AC71C80B94100080E2C /* Star-WarsTests.xctest */ = {isa = PBXFileReference; explicitFileType = wrapper.cfbundle; includeInIndex = 0; path = "Star-WarsTests.xctest"; sourceTree = BUILT_PRODUCTS_DIR; };
		992C2ACB1C80B94100080E2C /* Star_WarsTests.m */ = {isa = PBXFileReference; lastKnownFileType = sourcecode.c.objc; path = Star_WarsTests.m; sourceTree = "<group>"; };
		992C2ACD1C80B94100080E2C /* Info.plist */ = {isa = PBXFileReference; lastKnownFileType = text.plist.xml; path = Info.plist; sourceTree = "<group>"; };
		992C2AD91C80CDAE00080E2C /* FilmCollectionViewController.h */ = {isa = PBXFileReference; fileEncoding = 4; lastKnownFileType = sourcecode.c.h; path = FilmCollectionViewController.h; sourceTree = "<group>"; };
		992C2ADA1C80CDAE00080E2C /* FilmCollectionViewController.m */ = {isa = PBXFileReference; fileEncoding = 4; lastKnownFileType = sourcecode.c.objc; path = FilmCollectionViewController.m; sourceTree = "<group>"; };
		992C2ADC1C80E57700080E2C /* HTTPGateway.h */ = {isa = PBXFileReference; fileEncoding = 4; lastKnownFileType = sourcecode.c.h; path = HTTPGateway.h; sourceTree = "<group>"; };
		992C2ADD1C80E57700080E2C /* HTTPGateway.m */ = {isa = PBXFileReference; fileEncoding = 4; lastKnownFileType = sourcecode.c.objc; path = HTTPGateway.m; sourceTree = "<group>"; };
		992C2AE41C80ECF100080E2C /* SWConfig.h */ = {isa = PBXFileReference; fileEncoding = 4; lastKnownFileType = sourcecode.c.h; path = SWConfig.h; sourceTree = "<group>"; };
		992C2AE51C80ECF100080E2C /* SWConfig.m */ = {isa = PBXFileReference; fileEncoding = 4; lastKnownFileType = sourcecode.c.objc; path = SWConfig.m; sourceTree = "<group>"; };
		992C2AE71C80F83000080E2C /* FilmService.h */ = {isa = PBXFileReference; fileEncoding = 4; lastKnownFileType = sourcecode.c.h; path = FilmService.h; sourceTree = "<group>"; };
		992C2AE81C80F83000080E2C /* FilmService.m */ = {isa = PBXFileReference; fileEncoding = 4; lastKnownFileType = sourcecode.c.objc; path = FilmService.m; sourceTree = "<group>"; };
		992C2AEA1C80F99300080E2C /* FilmResponse.h */ = {isa = PBXFileReference; fileEncoding = 4; lastKnownFileType = sourcecode.c.h; path = FilmResponse.h; sourceTree = "<group>"; };
		992C2AEB1C80F99300080E2C /* FilmResponse.m */ = {isa = PBXFileReference; fileEncoding = 4; lastKnownFileType = sourcecode.c.objc; path = FilmResponse.m; sourceTree = "<group>"; };
		992C2AED1C80F99C00080E2C /* FilmsResponse.h */ = {isa = PBXFileReference; fileEncoding = 4; lastKnownFileType = sourcecode.c.h; path = FilmsResponse.h; sourceTree = "<group>"; };
		992C2AEE1C80F99C00080E2C /* FilmsResponse.m */ = {isa = PBXFileReference; fileEncoding = 4; lastKnownFileType = sourcecode.c.objc; path = FilmsResponse.m; sourceTree = "<group>"; };
		992C2AF01C80FAF800080E2C /* Film.h */ = {isa = PBXFileReference; fileEncoding = 4; lastKnownFileType = sourcecode.c.h; path = Film.h; sourceTree = "<group>"; };
		992C2AF11C80FAF800080E2C /* Film.m */ = {isa = PBXFileReference; fileEncoding = 4; lastKnownFileType = sourcecode.c.objc; path = Film.m; sourceTree = "<group>"; };
		992C2AF41C80FF6C00080E2C /* NSDateFormatter+ISO8601.h */ = {isa = PBXFileReference; fileEncoding = 4; lastKnownFileType = sourcecode.c.h; path = "NSDateFormatter+ISO8601.h"; sourceTree = "<group>"; };
		992C2AF51C80FF6C00080E2C /* NSDateFormatter+ISO8601.m */ = {isa = PBXFileReference; fileEncoding = 4; lastKnownFileType = sourcecode.c.objc; path = "NSDateFormatter+ISO8601.m"; sourceTree = "<group>"; };
		992C2AF71C810DEE00080E2C /* StarWarsFilmTests.m */ = {isa = PBXFileReference; fileEncoding = 4; lastKnownFileType = sourcecode.c.objc; path = StarWarsFilmTests.m; sourceTree = "<group>"; };
		992C2B011C84B0A800080E2C /* MockDataFactory.h */ = {isa = PBXFileReference; fileEncoding = 4; lastKnownFileType = sourcecode.c.h; path = MockDataFactory.h; sourceTree = "<group>"; };
		992C2B021C84B0A800080E2C /* MockDataFactory.m */ = {isa = PBXFileReference; fileEncoding = 4; lastKnownFileType = sourcecode.c.objc; path = MockDataFactory.m; sourceTree = "<group>"; };
		992C2B051C84B41C00080E2C /* films.json */ = {isa = PBXFileReference; fileEncoding = 4; lastKnownFileType = text.json; path = films.json; sourceTree = "<group>"; };
		992C2B081C84BB2900080E2C /* MMGateway.h */ = {isa = PBXFileReference; lastKnownFileType = sourcecode.c.h; path = MMGateway.h; sourceTree = "<group>"; };
		992C2B091C84BD3900080E2C /* MockGateway.h */ = {isa = PBXFileReference; fileEncoding = 4; lastKnownFileType = sourcecode.c.h; path = MockGateway.h; sourceTree = "<group>"; };
		992C2B0A1C84BD3900080E2C /* MockGateway.m */ = {isa = PBXFileReference; fileEncoding = 4; lastKnownFileType = sourcecode.c.objc; path = MockGateway.m; sourceTree = "<group>"; };
		992C2B0C1C84DC8A00080E2C /* film.json */ = {isa = PBXFileReference; fileEncoding = 4; lastKnownFileType = text.json; path = film.json; sourceTree = "<group>"; };
		DAE32DB4484A1179A0626702 /* Pods.debug.xcconfig */ = {isa = PBXFileReference; includeInIndex = 1; lastKnownFileType = text.xcconfig; name = Pods.debug.xcconfig; path = "Pods/Target Support Files/Pods/Pods.debug.xcconfig"; sourceTree = "<group>"; };
		FC518B68D3A452590C8BC277 /* Pods.release.xcconfig */ = {isa = PBXFileReference; includeInIndex = 1; lastKnownFileType = text.xcconfig; name = Pods.release.xcconfig; path = "Pods/Target Support Files/Pods/Pods.release.xcconfig"; sourceTree = "<group>"; };
/* End PBXFileReference section */

/* Begin PBXFrameworksBuildPhase section */
		992C2AAB1C80B94100080E2C /* Frameworks */ = {
			isa = PBXFrameworksBuildPhase;
			buildActionMask = 2147483647;
			files = (
				3380A17CDA8AA3599E2E8D8E /* libPods.a in Frameworks */,
			);
			runOnlyForDeploymentPostprocessing = 0;
		};
		992C2AC41C80B94100080E2C /* Frameworks */ = {
			isa = PBXFrameworksBuildPhase;
			buildActionMask = 2147483647;
			files = (
				8D92C76F021661A2D9C7C7AC /* libPods.a in Frameworks */,
			);
			runOnlyForDeploymentPostprocessing = 0;
		};
/* End PBXFrameworksBuildPhase section */

/* Begin PBXGroup section */
		992C2AA51C80B94100080E2C = {
			isa = PBXGroup;
			children = (
				992C2AB01C80B94100080E2C /* Star-Wars */,
				992C2ACA1C80B94100080E2C /* Star-WarsTests */,
				992C2AAF1C80B94100080E2C /* Products */,
				F435D019DA98D96500D9A440 /* Pods */,
				B77356F266993C1BA06FA0ED /* Frameworks */,
			);
			sourceTree = "<group>";
		};
		992C2AAF1C80B94100080E2C /* Products */ = {
			isa = PBXGroup;
			children = (
				992C2AAE1C80B94100080E2C /* Star-Wars.app */,
				992C2AC71C80B94100080E2C /* Star-WarsTests.xctest */,
			);
			name = Products;
			sourceTree = "<group>";
		};
		992C2AB01C80B94100080E2C /* Star-Wars */ = {
			isa = PBXGroup;
			children = (
				992C2AF31C80FF3F00080E2C /* External */,
				992C2AD81C80CABD00080E2C /* App */,
				992C2AD61C80CAAB00080E2C /* Core */,
				992C2AD71C80CAB100080E2C /* UI */,
			);
			path = "Star-Wars";
			sourceTree = "<group>";
		};
		992C2AB11C80B94100080E2C /* Supporting Files */ = {
			isa = PBXGroup;
			children = (
				992C2ABF1C80B94100080E2C /* LaunchScreen.storyboard */,
				992C2AC21C80B94100080E2C /* Info.plist */,
				992C2AB21C80B94100080E2C /* main.m */,
			);
			name = "Supporting Files";
			sourceTree = "<group>";
		};
		992C2ACA1C80B94100080E2C /* Star-WarsTests */ = {
			isa = PBXGroup;
			children = (
				992C2ACB1C80B94100080E2C /* Star_WarsTests.m */,
				992C2AF71C810DEE00080E2C /* StarWarsFilmTests.m */,
				992C2ACD1C80B94100080E2C /* Info.plist */,
			);
			path = "Star-WarsTests";
			sourceTree = "<group>";
		};
		992C2AD61C80CAAB00080E2C /* Core */ = {
			isa = PBXGroup;
			children = (
				992C2AF91C825FD700080E2C /* Gateway */,
				992C2AE01C80EC8900080E2C /* Services */,
				992C2AE11C80EC9100080E2C /* Model */,
			);
			name = Core;
			sourceTree = "<group>";
		};
		992C2AD71C80CAB100080E2C /* UI */ = {
			isa = PBXGroup;
			children = (
				992C2ABA1C80B94100080E2C /* Main.storyboard */,
				992C2AD91C80CDAE00080E2C /* FilmCollectionViewController.h */,
				992C2ADA1C80CDAE00080E2C /* FilmCollectionViewController.m */,
			);
			name = UI;
			sourceTree = "<group>";
		};
		992C2AD81C80CABD00080E2C /* App */ = {
			isa = PBXGroup;
			children = (
				992C2AE41C80ECF100080E2C /* SWConfig.h */,
				992C2AE51C80ECF100080E2C /* SWConfig.m */,
				992C2AB41C80B94100080E2C /* AppDelegate.h */,
				992C2AB51C80B94100080E2C /* AppDelegate.m */,
				992C2ABD1C80B94100080E2C /* Assets.xcassets */,
				992C2AB11C80B94100080E2C /* Supporting Files */,
			);
			name = App;
			sourceTree = "<group>";
		};
		992C2ADF1C80EC8100080E2C /* HTTP */ = {
			isa = PBXGroup;
			children = (
				992C2ADC1C80E57700080E2C /* HTTPGateway.h */,
				992C2ADD1C80E57700080E2C /* HTTPGateway.m */,
			);
			name = HTTP;
			sourceTree = "<group>";
		};
		992C2AE01C80EC8900080E2C /* Services */ = {
			isa = PBXGroup;
			children = (
				992C2AE71C80F83000080E2C /* FilmService.h */,
				992C2AE81C80F83000080E2C /* FilmService.m */,
			);
			name = Services;
			sourceTree = "<group>";
		};
		992C2AE11C80EC9100080E2C /* Model */ = {
			isa = PBXGroup;
			children = (
				992C2AE31C80EC9D00080E2C /* Responses */,
				992C2AE21C80EC9700080E2C /* Models */,
			);
			name = Model;
			sourceTree = "<group>";
		};
		992C2AE21C80EC9700080E2C /* Models */ = {
			isa = PBXGroup;
			children = (
				992C2AF01C80FAF800080E2C /* Film.h */,
				992C2AF11C80FAF800080E2C /* Film.m */,
			);
			name = Models;
			sourceTree = "<group>";
		};
		992C2AE31C80EC9D00080E2C /* Responses */ = {
			isa = PBXGroup;
			children = (
				992C2AEA1C80F99300080E2C /* FilmResponse.h */,
				992C2AEB1C80F99300080E2C /* FilmResponse.m */,
				992C2AED1C80F99C00080E2C /* FilmsResponse.h */,
				992C2AEE1C80F99C00080E2C /* FilmsResponse.m */,
			);
			name = Responses;
			sourceTree = "<group>";
		};
		992C2AF31C80FF3F00080E2C /* External */ = {
			isa = PBXGroup;
			children = (
				992C2AF41C80FF6C00080E2C /* NSDateFormatter+ISO8601.h */,
				992C2AF51C80FF6C00080E2C /* NSDateFormatter+ISO8601.m */,
			);
			name = External;
			sourceTree = "<group>";
		};
		992C2AF91C825FD700080E2C /* Gateway */ = {
			isa = PBXGroup;
			children = (
				992C2B081C84BB2900080E2C /* MMGateway.h */,
				992C2ADF1C80EC8100080E2C /* HTTP */,
				992C2B071C84B8D600080E2C /* Mock */,
			);
			name = Gateway;
			sourceTree = "<group>";
		};
		992C2AFA1C825FDD00080E2C /* Mock Data */ = {
			isa = PBXGroup;
			children = (
				992C2B051C84B41C00080E2C /* films.json */,
				992C2B0C1C84DC8A00080E2C /* film.json */,
			);
			name = "Mock Data";
			sourceTree = "<group>";
		};
		992C2B071C84B8D600080E2C /* Mock */ = {
			isa = PBXGroup;
			children = (
				992C2B091C84BD3900080E2C /* MockGateway.h */,
				992C2B0A1C84BD3900080E2C /* MockGateway.m */,
				992C2B011C84B0A800080E2C /* MockDataFactory.h */,
				992C2B021C84B0A800080E2C /* MockDataFactory.m */,
				992C2AFA1C825FDD00080E2C /* Mock Data */,
			);
			name = Mock;
			sourceTree = "<group>";
		};
		B77356F266993C1BA06FA0ED /* Frameworks */ = {
			isa = PBXGroup;
			children = (
				2E9A8DF4F956911F4D82D16E /* libPods.a */,
			);
			name = Frameworks;
			sourceTree = "<group>";
		};
		F435D019DA98D96500D9A440 /* Pods */ = {
			isa = PBXGroup;
			children = (
				DAE32DB4484A1179A0626702 /* Pods.debug.xcconfig */,
				FC518B68D3A452590C8BC277 /* Pods.release.xcconfig */,
			);
			name = Pods;
			sourceTree = "<group>";
		};
/* End PBXGroup section */

/* Begin PBXNativeTarget section */
		992C2AAD1C80B94100080E2C /* Star-Wars */ = {
			isa = PBXNativeTarget;
			buildConfigurationList = 992C2AD01C80B94100080E2C /* Build configuration list for PBXNativeTarget "Star-Wars" */;
			buildPhases = (
				8A84B5B2734F6FA7C0CAA5E3 /* Check Pods Manifest.lock */,
				992C2AAA1C80B94100080E2C /* Sources */,
				992C2AAB1C80B94100080E2C /* Frameworks */,
				992C2AAC1C80B94100080E2C /* Resources */,
				4ABC9F1E1FAB7591668B263F /* Embed Pods Frameworks */,
				B653EE6FFE4BF22FBCA9E9DB /* Copy Pods Resources */,
			);
			buildRules = (
			);
			dependencies = (
			);
			name = "Star-Wars";
			productName = "Star-Wars";
			productReference = 992C2AAE1C80B94100080E2C /* Star-Wars.app */;
			productType = "com.apple.product-type.application";
		};
		992C2AC61C80B94100080E2C /* Star-WarsTests */ = {
			isa = PBXNativeTarget;
			buildConfigurationList = 992C2AD31C80B94100080E2C /* Build configuration list for PBXNativeTarget "Star-WarsTests" */;
			buildPhases = (
				F8E54DB506DA9D51E165B31C /* Check Pods Manifest.lock */,
				992C2AC31C80B94100080E2C /* Sources */,
				992C2AC41C80B94100080E2C /* Frameworks */,
				992C2AC51C80B94100080E2C /* Resources */,
				0F5C102028303B3C7B9DF12D /* Embed Pods Frameworks */,
				E92DD1097BED1791AACCD976 /* Copy Pods Resources */,
			);
			buildRules = (
			);
			dependencies = (
				992C2AC91C80B94100080E2C /* PBXTargetDependency */,
			);
			name = "Star-WarsTests";
			productName = "Star-WarsTests";
			productReference = 992C2AC71C80B94100080E2C /* Star-WarsTests.xctest */;
			productType = "com.apple.product-type.bundle.unit-test";
		};
/* End PBXNativeTarget section */

/* Begin PBXProject section */
		992C2AA61C80B94100080E2C /* Project object */ = {
			isa = PBXProject;
			attributes = {
				LastUpgradeCheck = 0720;
				ORGANIZATIONNAME = "Myriad Mobile";
				TargetAttributes = {
					992C2AAD1C80B94100080E2C = {
						CreatedOnToolsVersion = 7.2.1;
					};
					992C2AC61C80B94100080E2C = {
						CreatedOnToolsVersion = 7.2.1;
						TestTargetID = 992C2AAD1C80B94100080E2C;
					};
				};
			};
			buildConfigurationList = 992C2AA91C80B94100080E2C /* Build configuration list for PBXProject "Star-Wars" */;
			compatibilityVersion = "Xcode 3.2";
			developmentRegion = English;
			hasScannedForEncodings = 0;
			knownRegions = (
				en,
				Base,
			);
			mainGroup = 992C2AA51C80B94100080E2C;
			productRefGroup = 992C2AAF1C80B94100080E2C /* Products */;
			projectDirPath = "";
			projectRoot = "";
			targets = (
				992C2AAD1C80B94100080E2C /* Star-Wars */,
				992C2AC61C80B94100080E2C /* Star-WarsTests */,
			);
		};
/* End PBXProject section */

/* Begin PBXResourcesBuildPhase section */
		992C2AAC1C80B94100080E2C /* Resources */ = {
			isa = PBXResourcesBuildPhase;
			buildActionMask = 2147483647;
			files = (
				992C2AC11C80B94100080E2C /* LaunchScreen.storyboard in Resources */,
				992C2B061C84B41C00080E2C /* films.json in Resources */,
				992C2B0D1C84DC8A00080E2C /* film.json in Resources */,
				992C2ABE1C80B94100080E2C /* Assets.xcassets in Resources */,
				992C2ABC1C80B94100080E2C /* Main.storyboard in Resources */,
			);
			runOnlyForDeploymentPostprocessing = 0;
		};
		992C2AC51C80B94100080E2C /* Resources */ = {
			isa = PBXResourcesBuildPhase;
			buildActionMask = 2147483647;
			files = (
			);
			runOnlyForDeploymentPostprocessing = 0;
		};
/* End PBXResourcesBuildPhase section */

/* Begin PBXShellScriptBuildPhase section */
		0F5C102028303B3C7B9DF12D /* Embed Pods Frameworks */ = {
			isa = PBXShellScriptBuildPhase;
			buildActionMask = 2147483647;
			files = (
			);
			inputPaths = (
			);
			name = "Embed Pods Frameworks";
			outputPaths = (
			);
			runOnlyForDeploymentPostprocessing = 0;
			shellPath = /bin/sh;
			shellScript = "\"${SRCROOT}/Pods/Target Support Files/Pods/Pods-frameworks.sh\"\n";
			showEnvVarsInLog = 0;
		};
		4ABC9F1E1FAB7591668B263F /* Embed Pods Frameworks */ = {
			isa = PBXShellScriptBuildPhase;
			buildActionMask = 2147483647;
			files = (
			);
			inputPaths = (
			);
			name = "Embed Pods Frameworks";
			outputPaths = (
			);
			runOnlyForDeploymentPostprocessing = 0;
			shellPath = /bin/sh;
			shellScript = "\"${SRCROOT}/Pods/Target Support Files/Pods/Pods-frameworks.sh\"\n";
			showEnvVarsInLog = 0;
		};
		8A84B5B2734F6FA7C0CAA5E3 /* Check Pods Manifest.lock */ = {
			isa = PBXShellScriptBuildPhase;
			buildActionMask = 2147483647;
			files = (
			);
			inputPaths = (
			);
			name = "Check Pods Manifest.lock";
			outputPaths = (
			);
			runOnlyForDeploymentPostprocessing = 0;
			shellPath = /bin/sh;
			shellScript = "diff \"${PODS_ROOT}/../Podfile.lock\" \"${PODS_ROOT}/Manifest.lock\" > /dev/null\nif [[ $? != 0 ]] ; then\n    cat << EOM\nerror: The sandbox is not in sync with the Podfile.lock. Run 'pod install' or update your CocoaPods installation.\nEOM\n    exit 1\nfi\n";
			showEnvVarsInLog = 0;
		};
		B653EE6FFE4BF22FBCA9E9DB /* Copy Pods Resources */ = {
			isa = PBXShellScriptBuildPhase;
			buildActionMask = 2147483647;
			files = (
			);
			inputPaths = (
			);
			name = "Copy Pods Resources";
			outputPaths = (
			);
			runOnlyForDeploymentPostprocessing = 0;
			shellPath = /bin/sh;
			shellScript = "\"${SRCROOT}/Pods/Target Support Files/Pods/Pods-resources.sh\"\n";
			showEnvVarsInLog = 0;
		};
		E92DD1097BED1791AACCD976 /* Copy Pods Resources */ = {
			isa = PBXShellScriptBuildPhase;
			buildActionMask = 2147483647;
			files = (
			);
			inputPaths = (
			);
			name = "Copy Pods Resources";
			outputPaths = (
			);
			runOnlyForDeploymentPostprocessing = 0;
			shellPath = /bin/sh;
			shellScript = "\"${SRCROOT}/Pods/Target Support Files/Pods/Pods-resources.sh\"\n";
			showEnvVarsInLog = 0;
		};
		F8E54DB506DA9D51E165B31C /* Check Pods Manifest.lock */ = {
			isa = PBXShellScriptBuildPhase;
			buildActionMask = 2147483647;
			files = (
			);
			inputPaths = (
			);
			name = "Check Pods Manifest.lock";
			outputPaths = (
			);
			runOnlyForDeploymentPostprocessing = 0;
			shellPath = /bin/sh;
			shellScript = "diff \"${PODS_ROOT}/../Podfile.lock\" \"${PODS_ROOT}/Manifest.lock\" > /dev/null\nif [[ $? != 0 ]] ; then\n    cat << EOM\nerror: The sandbox is not in sync with the Podfile.lock. Run 'pod install' or update your CocoaPods installation.\nEOM\n    exit 1\nfi\n";
			showEnvVarsInLog = 0;
		};
/* End PBXShellScriptBuildPhase section */

/* Begin PBXSourcesBuildPhase section */
		992C2AAA1C80B94100080E2C /* Sources */ = {
			isa = PBXSourcesBuildPhase;
			buildActionMask = 2147483647;
			files = (
				992C2AEC1C80F99300080E2C /* FilmResponse.m in Sources */,
				992C2ADB1C80CDAE00080E2C /* FilmCollectionViewController.m in Sources */,
				992C2AE91C80F83000080E2C /* FilmService.m in Sources */,
				992C2AF21C80FAF800080E2C /* Film.m in Sources */,
				992C2AB61C80B94100080E2C /* AppDelegate.m in Sources */,
				992C2B0B1C84BD3900080E2C /* MockGateway.m in Sources */,
				992C2AEF1C80F99C00080E2C /* FilmsResponse.m in Sources */,
				992C2ADE1C80E57700080E2C /* HTTPGateway.m in Sources */,
				992C2B031C84B0A800080E2C /* MockDataFactory.m in Sources */,
				992C2AB31C80B94100080E2C /* main.m in Sources */,
				992C2AE61C80ECF100080E2C /* SWConfig.m in Sources */,
				992C2AF61C80FF6C00080E2C /* NSDateFormatter+ISO8601.m in Sources */,
			);
			runOnlyForDeploymentPostprocessing = 0;
		};
		992C2AC31C80B94100080E2C /* Sources */ = {
			isa = PBXSourcesBuildPhase;
			buildActionMask = 2147483647;
			files = (
				992C2AF81C810DEE00080E2C /* StarWarsFilmTests.m in Sources */,
				992C2ACC1C80B94100080E2C /* Star_WarsTests.m in Sources */,
			);
			runOnlyForDeploymentPostprocessing = 0;
		};
/* End PBXSourcesBuildPhase section */

/* Begin PBXTargetDependency section */
		992C2AC91C80B94100080E2C /* PBXTargetDependency */ = {
			isa = PBXTargetDependency;
			target = 992C2AAD1C80B94100080E2C /* Star-Wars */;
			targetProxy = 992C2AC81C80B94100080E2C /* PBXContainerItemProxy */;
		};
/* End PBXTargetDependency section */

/* Begin PBXVariantGroup section */
		992C2ABA1C80B94100080E2C /* Main.storyboard */ = {
			isa = PBXVariantGroup;
			children = (
				992C2ABB1C80B94100080E2C /* Base */,
			);
			name = Main.storyboard;
			sourceTree = "<group>";
		};
		992C2ABF1C80B94100080E2C /* LaunchScreen.storyboard */ = {
			isa = PBXVariantGroup;
			children = (
				992C2AC01C80B94100080E2C /* Base */,
			);
			name = LaunchScreen.storyboard;
			sourceTree = "<group>";
		};
/* End PBXVariantGroup section */

/* Begin XCBuildConfiguration section */
		992C2ACE1C80B94100080E2C /* Debug */ = {
			isa = XCBuildConfiguration;
			buildSettings = {
				ALWAYS_SEARCH_USER_PATHS = NO;
				CLANG_CXX_LANGUAGE_STANDARD = "gnu++0x";
				CLANG_CXX_LIBRARY = "libc++";
				CLANG_ENABLE_MODULES = YES;
				CLANG_ENABLE_OBJC_ARC = YES;
				CLANG_WARN_BOOL_CONVERSION = YES;
				CLANG_WARN_CONSTANT_CONVERSION = YES;
				CLANG_WARN_DIRECT_OBJC_ISA_USAGE = YES_ERROR;
				CLANG_WARN_EMPTY_BODY = YES;
				CLANG_WARN_ENUM_CONVERSION = YES;
				CLANG_WARN_INT_CONVERSION = YES;
				CLANG_WARN_OBJC_ROOT_CLASS = YES_ERROR;
				CLANG_WARN_UNREACHABLE_CODE = YES;
				CLANG_WARN__DUPLICATE_METHOD_MATCH = YES;
				"CODE_SIGN_IDENTITY[sdk=iphoneos*]" = "iPhone Developer";
				COPY_PHASE_STRIP = NO;
				DEBUG_INFORMATION_FORMAT = dwarf;
				ENABLE_STRICT_OBJC_MSGSEND = YES;
				ENABLE_TESTABILITY = YES;
				GCC_C_LANGUAGE_STANDARD = gnu99;
				GCC_DYNAMIC_NO_PIC = NO;
				GCC_NO_COMMON_BLOCKS = YES;
				GCC_OPTIMIZATION_LEVEL = 0;
				GCC_PREPROCESSOR_DEFINITIONS = (
					"DEBUG=1",
					"$(inherited)",
				);
				GCC_WARN_64_TO_32_BIT_CONVERSION = YES;
				GCC_WARN_ABOUT_RETURN_TYPE = YES_ERROR;
				GCC_WARN_UNDECLARED_SELECTOR = YES;
				GCC_WARN_UNINITIALIZED_AUTOS = YES_AGGRESSIVE;
				GCC_WARN_UNUSED_FUNCTION = YES;
				GCC_WARN_UNUSED_VARIABLE = YES;
				IPHONEOS_DEPLOYMENT_TARGET = 9.2;
				MTL_ENABLE_DEBUG_INFO = YES;
				ONLY_ACTIVE_ARCH = YES;
				SDKROOT = iphoneos;
			};
			name = Debug;
		};
		992C2ACF1C80B94100080E2C /* Release */ = {
			isa = XCBuildConfiguration;
			buildSettings = {
				ALWAYS_SEARCH_USER_PATHS = NO;
				CLANG_CXX_LANGUAGE_STANDARD = "gnu++0x";
				CLANG_CXX_LIBRARY = "libc++";
				CLANG_ENABLE_MODULES = YES;
				CLANG_ENABLE_OBJC_ARC = YES;
				CLANG_WARN_BOOL_CONVERSION = YES;
				CLANG_WARN_CONSTANT_CONVERSION = YES;
				CLANG_WARN_DIRECT_OBJC_ISA_USAGE = YES_ERROR;
				CLANG_WARN_EMPTY_BODY = YES;
				CLANG_WARN_ENUM_CONVERSION = YES;
				CLANG_WARN_INT_CONVERSION = YES;
				CLANG_WARN_OBJC_ROOT_CLASS = YES_ERROR;
				CLANG_WARN_UNREACHABLE_CODE = YES;
				CLANG_WARN__DUPLICATE_METHOD_MATCH = YES;
				"CODE_SIGN_IDENTITY[sdk=iphoneos*]" = "iPhone Developer";
				COPY_PHASE_STRIP = NO;
				DEBUG_INFORMATION_FORMAT = "dwarf-with-dsym";
				ENABLE_NS_ASSERTIONS = NO;
				ENABLE_STRICT_OBJC_MSGSEND = YES;
				GCC_C_LANGUAGE_STANDARD = gnu99;
				GCC_NO_COMMON_BLOCKS = YES;
				GCC_WARN_64_TO_32_BIT_CONVERSION = YES;
				GCC_WARN_ABOUT_RETURN_TYPE = YES_ERROR;
				GCC_WARN_UNDECLARED_SELECTOR = YES;
				GCC_WARN_UNINITIALIZED_AUTOS = YES_AGGRESSIVE;
				GCC_WARN_UNUSED_FUNCTION = YES;
				GCC_WARN_UNUSED_VARIABLE = YES;
				IPHONEOS_DEPLOYMENT_TARGET = 9.2;
				MTL_ENABLE_DEBUG_INFO = NO;
				SDKROOT = iphoneos;
				VALIDATE_PRODUCT = YES;
			};
			name = Release;
		};
		992C2AD11C80B94100080E2C /* Debug */ = {
			isa = XCBuildConfiguration;
			baseConfigurationReference = DAE32DB4484A1179A0626702 /* Pods.debug.xcconfig */;
			buildSettings = {
				ASSETCATALOG_COMPILER_APPICON_NAME = AppIcon;
				INFOPLIST_FILE = "Star-Wars/Info.plist";
				LD_RUNPATH_SEARCH_PATHS = "$(inherited) @executable_path/Frameworks";
				PRODUCT_BUNDLE_IDENTIFIER = "MM.Star-Wars";
				PRODUCT_NAME = "$(TARGET_NAME)";
			};
			name = Debug;
		};
		992C2AD21C80B94100080E2C /* Release */ = {
			isa = XCBuildConfiguration;
			baseConfigurationReference = FC518B68D3A452590C8BC277 /* Pods.release.xcconfig */;
			buildSettings = {
				ASSETCATALOG_COMPILER_APPICON_NAME = AppIcon;
				INFOPLIST_FILE = "Star-Wars/Info.plist";
				LD_RUNPATH_SEARCH_PATHS = "$(inherited) @executable_path/Frameworks";
				PRODUCT_BUNDLE_IDENTIFIER = "MM.Star-Wars";
				PRODUCT_NAME = "$(TARGET_NAME)";
			};
			name = Release;
		};
		992C2AD41C80B94100080E2C /* Debug */ = {
			isa = XCBuildConfiguration;
			baseConfigurationReference = DAE32DB4484A1179A0626702 /* Pods.debug.xcconfig */;
			buildSettings = {
				BUNDLE_LOADER = "$(TEST_HOST)";
				INFOPLIST_FILE = "Star-WarsTests/Info.plist";
				LD_RUNPATH_SEARCH_PATHS = "$(inherited) @executable_path/Frameworks @loader_path/Frameworks";
				PRODUCT_BUNDLE_IDENTIFIER = "MM.Star-WarsTests";
				PRODUCT_NAME = "$(TARGET_NAME)";
				TEST_HOST = "$(BUILT_PRODUCTS_DIR)/Star-Wars.app/Star-Wars";
			};
			name = Debug;
		};
		992C2AD51C80B94100080E2C /* Release */ = {
			isa = XCBuildConfiguration;
			baseConfigurationReference = FC518B68D3A452590C8BC277 /* Pods.release.xcconfig */;
			buildSettings = {
				BUNDLE_LOADER = "$(TEST_HOST)";
				INFOPLIST_FILE = "Star-WarsTests/Info.plist";
				LD_RUNPATH_SEARCH_PATHS = "$(inherited) @executable_path/Frameworks @loader_path/Frameworks";
				PRODUCT_BUNDLE_IDENTIFIER = "MM.Star-WarsTests";
				PRODUCT_NAME = "$(TARGET_NAME)";
				TEST_HOST = "$(BUILT_PRODUCTS_DIR)/Star-Wars.app/Star-Wars";
			};
			name = Release;
		};
/* End XCBuildConfiguration section */

/* Begin XCConfigurationList section */
		992C2AA91C80B94100080E2C /* Build configuration list for PBXProject "Star-Wars" */ = {
			isa = XCConfigurationList;
			buildConfigurations = (
				992C2ACE1C80B94100080E2C /* Debug */,
				992C2ACF1C80B94100080E2C /* Release */,
			);
			defaultConfigurationIsVisible = 0;
			defaultConfigurationName = Release;
		};
		992C2AD01C80B94100080E2C /* Build configuration list for PBXNativeTarget "Star-Wars" */ = {
			isa = XCConfigurationList;
			buildConfigurations = (
				992C2AD11C80B94100080E2C /* Debug */,
				992C2AD21C80B94100080E2C /* Release */,
			);
			defaultConfigurationIsVisible = 0;
			defaultConfigurationName = Release;
		};
		992C2AD31C80B94100080E2C /* Build configuration list for PBXNativeTarget "Star-WarsTests" */ = {
			isa = XCConfigurationList;
			buildConfigurations = (
				992C2AD41C80B94100080E2C /* Debug */,
				992C2AD51C80B94100080E2C /* Release */,
			);
			defaultConfigurationIsVisible = 0;
			defaultConfigurationName = Release;
		};
/* End XCConfigurationList section */
	};
	rootObject = 992C2AA61C80B94100080E2C /* Project object */;
}
